// !$*UTF8*$!
{
	archiveVersion = 1;
	classes = {
	};
	objectVersion = 46;
	objects = {

/* Begin PBXBuildFile section */
		109B3876D1210B87A99FB87D /* libPods-QRCode.a in Frameworks */ = {isa = PBXBuildFile; fileRef = 773613EAF7FD5E74D656E9CF /* libPods-QRCode.a */; };
		54CA32811F1DAFB5006A016F /* getgateway.c in Sources */ = {isa = PBXBuildFile; fileRef = 54CA327E1F1DAFB5006A016F /* getgateway.c */; };
		7317F8EC1D07FE150055C569 /* QRCodeViewController.xib in Resources */ = {isa = PBXBuildFile; fileRef = 7317F8EB1D07FE150055C569 /* QRCodeViewController.xib */; };
		7317F8F01D081C200055C569 /* beep.wav in Resources */ = {isa = PBXBuildFile; fileRef = 7317F8EF1D081C200055C569 /* beep.wav */; };
		7344E3531CF16F7500BBBE7A /* main.m in Sources */ = {isa = PBXBuildFile; fileRef = 7344E3521CF16F7500BBBE7A /* main.m */; };
		7344E3561CF16F7500BBBE7A /* AppDelegate.m in Sources */ = {isa = PBXBuildFile; fileRef = 7344E3551CF16F7500BBBE7A /* AppDelegate.m */; };
		7344E3591CF16F7500BBBE7A /* ViewController.m in Sources */ = {isa = PBXBuildFile; fileRef = 7344E3581CF16F7500BBBE7A /* ViewController.m */; };
		7344E35C1CF16F7500BBBE7A /* Main.storyboard in Resources */ = {isa = PBXBuildFile; fileRef = 7344E35A1CF16F7500BBBE7A /* Main.storyboard */; };
		7344E35E1CF16F7500BBBE7A /* Assets.xcassets in Resources */ = {isa = PBXBuildFile; fileRef = 7344E35D1CF16F7500BBBE7A /* Assets.xcassets */; };
		7344E3611CF16F7500BBBE7A /* LaunchScreen.storyboard in Resources */ = {isa = PBXBuildFile; fileRef = 7344E35F1CF16F7500BBBE7A /* LaunchScreen.storyboard */; };
		736F5AD91D056DD2002212B1 /* QRCodeViewController.m in Sources */ = {isa = PBXBuildFile; fileRef = 736F5AD71D056DD2002212B1 /* QRCodeViewController.m */; };
/* End PBXBuildFile section */

/* Begin PBXFileReference section */
		3AB5A0DF6BD4431DE0A45E75 /* Pods-QRCode.debug.xcconfig */ = {isa = PBXFileReference; includeInIndex = 1; lastKnownFileType = text.xcconfig; name = "Pods-QRCode.debug.xcconfig"; path = "Pods/Target Support Files/Pods-QRCode/Pods-QRCode.debug.xcconfig"; sourceTree = "<group>"; };
		5467D104640636AC158EF752 /* Pods-QRCode.release.xcconfig */ = {isa = PBXFileReference; includeInIndex = 1; lastKnownFileType = text.xcconfig; name = "Pods-QRCode.release.xcconfig"; path = "Pods/Target Support Files/Pods-QRCode/Pods-QRCode.release.xcconfig"; sourceTree = "<group>"; };
		54CA327C1F1C5030006A016F /* QRCode.entitlements */ = {isa = PBXFileReference; lastKnownFileType = text.plist.entitlements; path = QRCode.entitlements; sourceTree = "<group>"; };
		54CA327E1F1DAFB5006A016F /* getgateway.c */ = {isa = PBXFileReference; fileEncoding = 4; lastKnownFileType = sourcecode.c.c; path = getgateway.c; sourceTree = "<group>"; };
		54CA327F1F1DAFB5006A016F /* getgateway.h */ = {isa = PBXFileReference; fileEncoding = 4; lastKnownFileType = sourcecode.c.h; path = getgateway.h; sourceTree = "<group>"; };
		54CA32801F1DAFB5006A016F /* route.h */ = {isa = PBXFileReference; fileEncoding = 4; lastKnownFileType = sourcecode.c.h; path = route.h; sourceTree = "<group>"; };
		7317F8EB1D07FE150055C569 /* QRCodeViewController.xib */ = {isa = PBXFileReference; fileEncoding = 4; lastKnownFileType = file.xib; path = QRCodeViewController.xib; sourceTree = "<group>"; };
		7317F8EF1D081C200055C569 /* beep.wav */ = {isa = PBXFileReference; lastKnownFileType = audio.wav; path = beep.wav; sourceTree = "<group>"; };
		7344E34E1CF16F7500BBBE7A /* QRCode.app */ = {isa = PBXFileReference; explicitFileType = wrapper.application; includeInIndex = 0; path = QRCode.app; sourceTree = BUILT_PRODUCTS_DIR; };
		7344E3521CF16F7500BBBE7A /* main.m */ = {isa = PBXFileReference; lastKnownFileType = sourcecode.c.objc; path = main.m; sourceTree = "<group>"; };
		7344E3541CF16F7500BBBE7A /* AppDelegate.h */ = {isa = PBXFileReference; lastKnownFileType = sourcecode.c.h; path = AppDelegate.h; sourceTree = "<group>"; };
		7344E3551CF16F7500BBBE7A /* AppDelegate.m */ = {isa = PBXFileReference; lastKnownFileType = sourcecode.c.objc; path = AppDelegate.m; sourceTree = "<group>"; };
		7344E3571CF16F7500BBBE7A /* ViewController.h */ = {isa = PBXFileReference; lastKnownFileType = sourcecode.c.h; path = ViewController.h; sourceTree = "<group>"; };
		7344E3581CF16F7500BBBE7A /* ViewController.m */ = {isa = PBXFileReference; lastKnownFileType = sourcecode.c.objc; path = ViewController.m; sourceTree = "<group>"; };
		7344E35B1CF16F7500BBBE7A /* Base */ = {isa = PBXFileReference; lastKnownFileType = file.storyboard; name = Base; path = Base.lproj/Main.storyboard; sourceTree = "<group>"; };
		7344E35D1CF16F7500BBBE7A /* Assets.xcassets */ = {isa = PBXFileReference; lastKnownFileType = folder.assetcatalog; path = Assets.xcassets; sourceTree = "<group>"; };
		7344E3601CF16F7500BBBE7A /* Base */ = {isa = PBXFileReference; lastKnownFileType = file.storyboard; name = Base; path = Base.lproj/LaunchScreen.storyboard; sourceTree = "<group>"; };
		7344E3621CF16F7500BBBE7A /* Info.plist */ = {isa = PBXFileReference; lastKnownFileType = text.plist.xml; path = Info.plist; sourceTree = "<group>"; };
		736F5AD61D056DD2002212B1 /* QRCodeViewController.h */ = {isa = PBXFileReference; fileEncoding = 4; lastKnownFileType = sourcecode.c.h; path = QRCodeViewController.h; sourceTree = "<group>"; };
		736F5AD71D056DD2002212B1 /* QRCodeViewController.m */ = {isa = PBXFileReference; fileEncoding = 4; lastKnownFileType = sourcecode.c.objc; path = QRCodeViewController.m; sourceTree = "<group>"; };
		773613EAF7FD5E74D656E9CF /* libPods-QRCode.a */ = {isa = PBXFileReference; explicitFileType = archive.ar; includeInIndex = 0; path = "libPods-QRCode.a"; sourceTree = BUILT_PRODUCTS_DIR; };
/* End PBXFileReference section */

/* Begin PBXFrameworksBuildPhase section */
		7344E34B1CF16F7500BBBE7A /* Frameworks */ = {
			isa = PBXFrameworksBuildPhase;
			buildActionMask = 2147483647;
			files = (
				109B3876D1210B87A99FB87D /* libPods-QRCode.a in Frameworks */,
			);
			runOnlyForDeploymentPostprocessing = 0;
		};
/* End PBXFrameworksBuildPhase section */

/* Begin PBXGroup section */
		54AA226305657B31BE6C3219 /* Pods */ = {
			isa = PBXGroup;
			children = (
				3AB5A0DF6BD4431DE0A45E75 /* Pods-QRCode.debug.xcconfig */,
				5467D104640636AC158EF752 /* Pods-QRCode.release.xcconfig */,
			);
			name = Pods;
			sourceTree = "<group>";
		};
		54CA32791F1C5030006A016F /* Frameworks */ = {
			isa = PBXGroup;
			children = (
				773613EAF7FD5E74D656E9CF /* libPods-QRCode.a */,
			);
			name = Frameworks;
			sourceTree = "<group>";
		};
		54CA327D1F1DAFB5006A016F /* RouteAddress */ = {
			isa = PBXGroup;
			children = (
				54CA327E1F1DAFB5006A016F /* getgateway.c */,
				54CA327F1F1DAFB5006A016F /* getgateway.h */,
				54CA32801F1DAFB5006A016F /* route.h */,
			);
			path = RouteAddress;
			sourceTree = "<group>";
		};
		7344E3451CF16F7500BBBE7A = {
			isa = PBXGroup;
			children = (
				7344E3501CF16F7500BBBE7A /* QRCode */,
				7344E34F1CF16F7500BBBE7A /* Products */,
				54CA32791F1C5030006A016F /* Frameworks */,
				54AA226305657B31BE6C3219 /* Pods */,
			);
			sourceTree = "<group>";
		};
		7344E34F1CF16F7500BBBE7A /* Products */ = {
			isa = PBXGroup;
			children = (
				7344E34E1CF16F7500BBBE7A /* QRCode.app */,
			);
			name = Products;
			sourceTree = "<group>";
		};
		7344E3501CF16F7500BBBE7A /* QRCode */ = {
			isa = PBXGroup;
			children = (
				54CA327D1F1DAFB5006A016F /* RouteAddress */,
				54CA327C1F1C5030006A016F /* QRCode.entitlements */,
				736F5AD51D056DD2002212B1 /* Lib */,
				7344E3541CF16F7500BBBE7A /* AppDelegate.h */,
				7344E3551CF16F7500BBBE7A /* AppDelegate.m */,
				7344E3571CF16F7500BBBE7A /* ViewController.h */,
				7344E3581CF16F7500BBBE7A /* ViewController.m */,
				7344E35A1CF16F7500BBBE7A /* Main.storyboard */,
				7344E35D1CF16F7500BBBE7A /* Assets.xcassets */,
				7344E35F1CF16F7500BBBE7A /* LaunchScreen.storyboard */,
				7344E3621CF16F7500BBBE7A /* Info.plist */,
				7344E3511CF16F7500BBBE7A /* Supporting Files */,
			);
			path = QRCode;
			sourceTree = "<group>";
		};
		7344E3511CF16F7500BBBE7A /* Supporting Files */ = {
			isa = PBXGroup;
			children = (
				7344E3521CF16F7500BBBE7A /* main.m */,
			);
			name = "Supporting Files";
			sourceTree = "<group>";
		};
		736F5AD51D056DD2002212B1 /* Lib */ = {
			isa = PBXGroup;
			children = (
				7317F8EF1D081C200055C569 /* beep.wav */,
				736F5AD61D056DD2002212B1 /* QRCodeViewController.h */,
				736F5AD71D056DD2002212B1 /* QRCodeViewController.m */,
				7317F8EB1D07FE150055C569 /* QRCodeViewController.xib */,
			);
			path = Lib;
			sourceTree = "<group>";
		};
/* End PBXGroup section */

/* Begin PBXNativeTarget section */
		7344E34D1CF16F7500BBBE7A /* QRCode */ = {
			isa = PBXNativeTarget;
			buildConfigurationList = 7344E37B1CF16F7500BBBE7A /* Build configuration list for PBXNativeTarget "QRCode" */;
			buildPhases = (
				7C99E51518237A5B8AB4E3DF /* [CP] Check Pods Manifest.lock */,
				7344E34A1CF16F7500BBBE7A /* Sources */,
				7344E34B1CF16F7500BBBE7A /* Frameworks */,
				7344E34C1CF16F7500BBBE7A /* Resources */,
				EA1E5168F814A1F1452AA976 /* [CP] Embed Pods Frameworks */,
				B8DEEE74DBC4CB0810557425 /* [CP] Copy Pods Resources */,
			);
			buildRules = (
			);
			dependencies = (
			);
			name = QRCode;
			productName = QRCode;
			productReference = 7344E34E1CF16F7500BBBE7A /* QRCode.app */;
			productType = "com.apple.product-type.application";
		};
/* End PBXNativeTarget section */

/* Begin PBXProject section */
		7344E3461CF16F7500BBBE7A /* Project object */ = {
			isa = PBXProject;
			attributes = {
				LastUpgradeCheck = 0730;
				ORGANIZATIONNAME = "王聪";
				TargetAttributes = {
					7344E34D1CF16F7500BBBE7A = {
						CreatedOnToolsVersion = 7.3.1;
						DevelopmentTeam = U6QLXKD484;
						ProvisioningStyle = Automatic;
						SystemCapabilities = {
							com.apple.VPNLite = {
								enabled = 0;
							};
						};
					};
				};
			};
			buildConfigurationList = 7344E3491CF16F7500BBBE7A /* Build configuration list for PBXProject "QRCode" */;
			compatibilityVersion = "Xcode 3.2";
			developmentRegion = English;
			hasScannedForEncodings = 0;
			knownRegions = (
				en,
				Base,
			);
			mainGroup = 7344E3451CF16F7500BBBE7A;
			productRefGroup = 7344E34F1CF16F7500BBBE7A /* Products */;
			projectDirPath = "";
			projectRoot = "";
			targets = (
				7344E34D1CF16F7500BBBE7A /* QRCode */,
			);
		};
/* End PBXProject section */

/* Begin PBXResourcesBuildPhase section */
		7344E34C1CF16F7500BBBE7A /* Resources */ = {
			isa = PBXResourcesBuildPhase;
			buildActionMask = 2147483647;
			files = (
				7317F8F01D081C200055C569 /* beep.wav in Resources */,
				7344E3611CF16F7500BBBE7A /* LaunchScreen.storyboard in Resources */,
				7344E35E1CF16F7500BBBE7A /* Assets.xcassets in Resources */,
				7317F8EC1D07FE150055C569 /* QRCodeViewController.xib in Resources */,
				7344E35C1CF16F7500BBBE7A /* Main.storyboard in Resources */,
			);
			runOnlyForDeploymentPostprocessing = 0;
		};
/* End PBXResourcesBuildPhase section */

/* Begin PBXShellScriptBuildPhase section */
		7C99E51518237A5B8AB4E3DF /* [CP] Check Pods Manifest.lock */ = {
			isa = PBXShellScriptBuildPhase;
			buildActionMask = 2147483647;
			files = (
			);
			inputPaths = (
			);
			name = "[CP] Check Pods Manifest.lock";
			outputPaths = (
			);
			runOnlyForDeploymentPostprocessing = 0;
			shellPath = /bin/sh;
			shellScript = "diff \"${PODS_ROOT}/../Podfile.lock\" \"${PODS_ROOT}/Manifest.lock\" > /dev/null\nif [ $? != 0 ] ; then\n    # print error to STDERR\n    echo \"error: The sandbox is not in sync with the Podfile.lock. Run 'pod install' or update your CocoaPods installation.\" >&2\n    exit 1\nfi\n";
			showEnvVarsInLog = 0;
		};
		B8DEEE74DBC4CB0810557425 /* [CP] Copy Pods Resources */ = {
			isa = PBXShellScriptBuildPhase;
			buildActionMask = 2147483647;
			files = (
			);
			inputPaths = (
			);
			name = "[CP] Copy Pods Resources";
			outputPaths = (
			);
			runOnlyForDeploymentPostprocessing = 0;
			shellPath = /bin/sh;
			shellScript = "\"${SRCROOT}/Pods/Target Support Files/Pods-QRCode/Pods-QRCode-resources.sh\"\n";
			showEnvVarsInLog = 0;
		};
		EA1E5168F814A1F1452AA976 /* [CP] Embed Pods Frameworks */ = {
			isa = PBXShellScriptBuildPhase;
			buildActionMask = 2147483647;
			files = (
			);
			inputPaths = (
			);
			name = "[CP] Embed Pods Frameworks";
			outputPaths = (
			);
			runOnlyForDeploymentPostprocessing = 0;
			shellPath = /bin/sh;
			shellScript = "\"${SRCROOT}/Pods/Target Support Files/Pods-QRCode/Pods-QRCode-frameworks.sh\"\n";
			showEnvVarsInLog = 0;
		};
/* End PBXShellScriptBuildPhase section */

/* Begin PBXSourcesBuildPhase section */
		7344E34A1CF16F7500BBBE7A /* Sources */ = {
			isa = PBXSourcesBuildPhase;
			buildActionMask = 2147483647;
			files = (
				7344E3591CF16F7500BBBE7A /* ViewController.m in Sources */,
				7344E3561CF16F7500BBBE7A /* AppDelegate.m in Sources */,
				54CA32811F1DAFB5006A016F /* getgateway.c in Sources */,
				736F5AD91D056DD2002212B1 /* QRCodeViewController.m in Sources */,
				7344E3531CF16F7500BBBE7A /* main.m in Sources */,
			);
			runOnlyForDeploymentPostprocessing = 0;
		};
/* End PBXSourcesBuildPhase section */

/* Begin PBXVariantGroup section */
		7344E35A1CF16F7500BBBE7A /* Main.storyboard */ = {
			isa = PBXVariantGroup;
			children = (
				7344E35B1CF16F7500BBBE7A /* Base */,
			);
			name = Main.storyboard;
			sourceTree = "<group>";
		};
		7344E35F1CF16F7500BBBE7A /* LaunchScreen.storyboard */ = {
			isa = PBXVariantGroup;
			children = (
				7344E3601CF16F7500BBBE7A /* Base */,
			);
			name = LaunchScreen.storyboard;
			sourceTree = "<group>";
		};
/* End PBXVariantGroup section */

/* Begin XCBuildConfiguration section */
		7344E3791CF16F7500BBBE7A /* Debug */ = {
			isa = XCBuildConfiguration;
			buildSettings = {
				ALWAYS_SEARCH_USER_PATHS = NO;
				CLANG_ANALYZER_NONNULL = YES;
				CLANG_CXX_LANGUAGE_STANDARD = "gnu++0x";
				CLANG_CXX_LIBRARY = "libc++";
				CLANG_ENABLE_MODULES = YES;
				CLANG_ENABLE_OBJC_ARC = YES;
				CLANG_WARN_BOOL_CONVERSION = YES;
				CLANG_WARN_CONSTANT_CONVERSION = YES;
				CLANG_WARN_DIRECT_OBJC_ISA_USAGE = YES_ERROR;
				CLANG_WARN_EMPTY_BODY = YES;
				CLANG_WARN_ENUM_CONVERSION = YES;
				CLANG_WARN_INT_CONVERSION = YES;
				CLANG_WARN_OBJC_ROOT_CLASS = YES_ERROR;
				CLANG_WARN_UNREACHABLE_CODE = YES;
				CLANG_WARN__DUPLICATE_METHOD_MATCH = YES;
				"CODE_SIGN_IDENTITY[sdk=iphoneos*]" = "iPhone Developer";
				COPY_PHASE_STRIP = NO;
				DEBUG_INFORMATION_FORMAT = dwarf;
				ENABLE_STRICT_OBJC_MSGSEND = YES;
				ENABLE_TESTABILITY = YES;
				GCC_C_LANGUAGE_STANDARD = gnu99;
				GCC_DYNAMIC_NO_PIC = NO;
				GCC_NO_COMMON_BLOCKS = YES;
				GCC_OPTIMIZATION_LEVEL = 0;
				GCC_PREPROCESSOR_DEFINITIONS = (
					"DEBUG=1",
					"$(inherited)",
				);
				GCC_WARN_64_TO_32_BIT_CONVERSION = YES;
				GCC_WARN_ABOUT_RETURN_TYPE = YES_ERROR;
				GCC_WARN_UNDECLARED_SELECTOR = YES;
				GCC_WARN_UNINITIALIZED_AUTOS = YES_AGGRESSIVE;
				GCC_WARN_UNUSED_FUNCTION = YES;
				GCC_WARN_UNUSED_VARIABLE = YES;
				IPHONEOS_DEPLOYMENT_TARGET = 9.3;
				MTL_ENABLE_DEBUG_INFO = YES;
				ONLY_ACTIVE_ARCH = YES;
				SDKROOT = iphoneos;
				TARGETED_DEVICE_FAMILY = "1,2";
			};
			name = Debug;
		};
		7344E37A1CF16F7500BBBE7A /* Release */ = {
			isa = XCBuildConfiguration;
			buildSettings = {
				ALWAYS_SEARCH_USER_PATHS = NO;
				CLANG_ANALYZER_NONNULL = YES;
				CLANG_CXX_LANGUAGE_STANDARD = "gnu++0x";
				CLANG_CXX_LIBRARY = "libc++";
				CLANG_ENABLE_MODULES = YES;
				CLANG_ENABLE_OBJC_ARC = YES;
				CLANG_WARN_BOOL_CONVERSION = YES;
				CLANG_WARN_CONSTANT_CONVERSION = YES;
				CLANG_WARN_DIRECT_OBJC_ISA_USAGE = YES_ERROR;
				CLANG_WARN_EMPTY_BODY = YES;
				CLANG_WARN_ENUM_CONVERSION = YES;
				CLANG_WARN_INT_CONVERSION = YES;
				CLANG_WARN_OBJC_ROOT_CLASS = YES_ERROR;
				CLANG_WARN_UNREACHABLE_CODE = YES;
				CLANG_WARN__DUPLICATE_METHOD_MATCH = YES;
				"CODE_SIGN_IDENTITY[sdk=iphoneos*]" = "iPhone Developer";
				COPY_PHASE_STRIP = NO;
				DEBUG_INFORMATION_FORMAT = "dwarf-with-dsym";
				ENABLE_NS_ASSERTIONS = NO;
				ENABLE_STRICT_OBJC_MSGSEND = YES;
				GCC_C_LANGUAGE_STANDARD = gnu99;
				GCC_NO_COMMON_BLOCKS = YES;
				GCC_WARN_64_TO_32_BIT_CONVERSION = YES;
				GCC_WARN_ABOUT_RETURN_TYPE = YES_ERROR;
				GCC_WARN_UNDECLARED_SELECTOR = YES;
				GCC_WARN_UNINITIALIZED_AUTOS = YES_AGGRESSIVE;
				GCC_WARN_UNUSED_FUNCTION = YES;
				GCC_WARN_UNUSED_VARIABLE = YES;
				IPHONEOS_DEPLOYMENT_TARGET = 9.3;
				MTL_ENABLE_DEBUG_INFO = NO;
				SDKROOT = iphoneos;
				TARGETED_DEVICE_FAMILY = "1,2";
				VALIDATE_PRODUCT = YES;
			};
			name = Release;
		};
		7344E37C1CF16F7500BBBE7A /* Debug */ = {
			isa = XCBuildConfiguration;
			baseConfigurationReference = 3AB5A0DF6BD4431DE0A45E75 /* Pods-QRCode.debug.xcconfig */;
			buildSettings = {
				ASSETCATALOG_COMPILER_APPICON_NAME = AppIcon;
				CODE_SIGN_IDENTITY = "iPhone Developer: shilei tang (6D2W3HZUJ7)";
				"CODE_SIGN_IDENTITY[sdk=iphoneos*]" = "iPhone Developer";
				DEVELOPMENT_TEAM = "";
				ENABLE_BITCODE = NO;
				INFOPLIST_FILE = QRCode/Info.plist;
				IPHONEOS_DEPLOYMENT_TARGET = 8.0;
				LD_RUNPATH_SEARCH_PATHS = "$(inherited) @executable_path/Frameworks";
				PRODUCT_BUNDLE_IDENTIFIER = com.onestong.weixing.klpaint;
				PRODUCT_NAME = "$(TARGET_NAME)";
				PROVISIONING_PROFILE = "";
				PROVISIONING_PROFILE_SPECIFIER = "";
			};
			name = Debug;
		};
		7344E37D1CF16F7500BBBE7A /* Release */ = {
			isa = XCBuildConfiguration;
			baseConfigurationReference = 5467D104640636AC158EF752 /* Pods-QRCode.release.xcconfig */;
			buildSettings = {
				ASSETCATALOG_COMPILER_APPICON_NAME = AppIcon;
				CODE_SIGN_IDENTITY = "iPhone Distribution: Shanghai Onezero Electronic Commerce Co., Ltd.";
				"CODE_SIGN_IDENTITY[sdk=iphoneos*]" = "iPhone Developer";
				DEVELOPMENT_TEAM = "";
				ENABLE_BITCODE = NO;
				INFOPLIST_FILE = QRCode/Info.plist;
				IPHONEOS_DEPLOYMENT_TARGET = 8.0;
				LD_RUNPATH_SEARCH_PATHS = "$(inherited) @executable_path/Frameworks";
				PRODUCT_BUNDLE_IDENTIFIER = com.onestong.weixing.klpaint;
				PRODUCT_NAME = "$(TARGET_NAME)";
				PROVISIONING_PROFILE = "";
				PROVISIONING_PROFILE_SPECIFIER = "";
			};
			name = Release;
		};
/* End XCBuildConfiguration section */

/* Begin XCConfigurationList section */
		7344E3491CF16F7500BBBE7A /* Build configuration list for PBXProject "QRCode" */ = {
			isa = XCConfigurationList;
			buildConfigurations = (
				7344E3791CF16F7500BBBE7A /* Debug */,
				7344E37A1CF16F7500BBBE7A /* Release */,
			);
			defaultConfigurationIsVisible = 0;
			defaultConfigurationName = Release;
		};
		7344E37B1CF16F7500BBBE7A /* Build configuration list for PBXNativeTarget "QRCode" */ = {
			isa = XCConfigurationList;
			buildConfigurations = (
				7344E37C1CF16F7500BBBE7A /* Debug */,
				7344E37D1CF16F7500BBBE7A /* Release */,
			);
			defaultConfigurationIsVisible = 0;
			defaultConfigurationName = Release;
		};
/* End XCConfigurationList section */
	};
	rootObject = 7344E3461CF16F7500BBBE7A /* Project object */;
}
